
Microsoft Visual Studio Solution File, Format Version 12.00
# Visual Studio Version 17
VisualStudioVersion = 17.6.33815.320
MinimumVisualStudioVersion = 10.0.40219.1
Project("{FAE04EC0-301F-11D3-BF4B-00C04F79EFBC}") = "otel-management", "otel-management\otel-management.csproj", "{4D92C01E-87CD-4E42-9C29-279B9F538C3D}"
EndProject
Global
	GlobalSection(SolutionConfigurationPlatforms) = preSolution
		Debug|Any CPU = Debug|Any CPU
		Release|Any CPU = Release|Any CPU
	EndGlobalSection
	GlobalSection(ProjectConfigurationPlatforms) = postSolution
		{4D92C01E-87CD-4E42-9C29-279B9F538C3D}.Debug|Any CPU.ActiveCfg = Debug|Any CPU
		{4D92C01E-87CD-4E42-9C29-279B9F538C3D}.Debug|Any CPU.Build.0 = Debug|Any CPU
		{4D92C01E-87CD-4E42-9C29-279B9F538C3D}.Release|Any CPU.ActiveCfg = Release|Any CPU
		{4D92C01E-87CD-4E42-9C29-279B9F538C3D}.Release|Any CPU.Build.0 = Release|Any CPU
	EndGlobalSection
	GlobalSection(SolutionProperties) = preSolution
		HideSolutionNode = FALSE
	EndGlobalSection
	GlobalSection(ExtensibilityGlobals) = postSolution
		SolutionGuid = {ACDF0DCA-F5DC-4F89-9772-FB3A7260FB38}
	EndGlobalSection
EndGlobal
